
Microsoft Visual Studio Solution File, Format Version 12.00
# Visual Studio Version 16
VisualStudioVersion = 16.0.31112.23
MinimumVisualStudioVersion = 10.0.40219.1
Project("{FAE04EC0-301F-11D3-BF4B-00C04F79EFBC}") = "Bizlog_Zoho.DocUpload.BAL", "Bizlog_Zoho.DocUpload.BAL.csproj", "{605C4FB6-64B9-40D7-AB3C-3FD8772648B7}"
EndProject
Global
	GlobalSection(SolutionConfigurationPlatforms) = preSolution
		Debug|Any CPU = Debug|Any CPU
		Release|Any CPU = Release|Any CPU
	EndGlobalSection
	GlobalSection(ProjectConfigurationPlatforms) = postSolution
		{605C4FB6-64B9-40D7-AB3C-3FD8772648B7}.Debug|Any CPU.ActiveCfg = Debug|Any CPU
		{605C4FB6-64B9-40D7-AB3C-3FD8772648B7}.Debug|Any CPU.Build.0 = Debug|Any CPU
		{605C4FB6-64B9-40D7-AB3C-3FD8772648B7}.Release|Any CPU.ActiveCfg = Release|Any CPU
		{605C4FB6-64B9-40D7-AB3C-3FD8772648B7}.Release|Any CPU.Build.0 = Release|Any CPU
	EndGlobalSection
	GlobalSection(SolutionProperties) = preSolution
		HideSolutionNode = FALSE
	EndGlobalSection
	GlobalSection(ExtensibilityGlobals) = postSolution
		SolutionGuid = {5DCEFD67-4927-4D78-B3CF-A620CB1C1235}
	EndGlobalSection
EndGlobal
